
Microsoft Visual Studio Solution File, Format Version 12.00
# Visual Studio Version 16
VisualStudioVersion = 16.0.31105.61
MinimumVisualStudioVersion = 10.0.40219.1
Project("{FAE04EC0-301F-11D3-BF4B-00C04F79EFBC}") = "Bitmap Problem", "Bitmap Problem\Bitmap Problem.csproj", "{0BFC18AC-CACC-44FB-90C9-C86410B3723B}"
EndProject
Global
	GlobalSection(SolutionConfigurationPlatforms) = preSolution
		Debug|Any CPU = Debug|Any CPU
		Release|Any CPU = Release|Any CPU
	EndGlobalSection
	GlobalSection(ProjectConfigurationPlatforms) = postSolution
		{0BFC18AC-CACC-44FB-90C9-C86410B3723B}.Debug|Any CPU.ActiveCfg = Debug|Any CPU
		{0BFC18AC-CACC-44FB-90C9-C86410B3723B}.Debug|Any CPU.Build.0 = Debug|Any CPU
		{0BFC18AC-CACC-44FB-90C9-C86410B3723B}.Release|Any CPU.ActiveCfg = Release|Any CPU
		{0BFC18AC-CACC-44FB-90C9-C86410B3723B}.Release|Any CPU.Build.0 = Release|Any CPU
	EndGlobalSection
	GlobalSection(SolutionProperties) = preSolution
		HideSolutionNode = FALSE
	EndGlobalSection
	GlobalSection(ExtensibilityGlobals) = postSolution
		SolutionGuid = {0C011489-FA07-4512-A063-D48434C4DD23}
	EndGlobalSection
EndGlobal
